
Microsoft Visual Studio Solution File, Format Version 12.00
# Visual Studio Version 17
VisualStudioVersion = 17.11.35327.3
MinimumVisualStudioVersion = 10.0.40219.1
Project("{FAE04EC0-301F-11D3-BF4B-00C04F79EFBC}") = "TicTacToe", "TicTacToe\TicTacToe.csproj", "{388B839A-49E7-4019-9567-8AD277B56432}"
EndProject
Project("{FAE04EC0-301F-11D3-BF4B-00C04F79EFBC}") = "ClientSide", "ClientSide\ClientSide.csproj", "{EFB3F0E1-8414-495B-B8AC-E36B6C55FDE8}"
EndProject
Project("{FAE04EC0-301F-11D3-BF4B-00C04F79EFBC}") = "GameLogic", "GameLogic\GameLogic.csproj", "{246209FC-E39B-49E3-A808-9948674ABF19}"
EndProject
Global
	GlobalSection(SolutionConfigurationPlatforms) = preSolution
		Debug|Any CPU = Debug|Any CPU
		Release|Any CPU = Release|Any CPU
	EndGlobalSection
	GlobalSection(ProjectConfigurationPlatforms) = postSolution
		{388B839A-49E7-4019-9567-8AD277B56432}.Debug|Any CPU.ActiveCfg = Debug|Any CPU
		{388B839A-49E7-4019-9567-8AD277B56432}.Debug|Any CPU.Build.0 = Debug|Any CPU
		{388B839A-49E7-4019-9567-8AD277B56432}.Release|Any CPU.ActiveCfg = Release|Any CPU
		{388B839A-49E7-4019-9567-8AD277B56432}.Release|Any CPU.Build.0 = Release|Any CPU
		{EFB3F0E1-8414-495B-B8AC-E36B6C55FDE8}.Debug|Any CPU.ActiveCfg = Debug|Any CPU
		{EFB3F0E1-8414-495B-B8AC-E36B6C55FDE8}.Debug|Any CPU.Build.0 = Debug|Any CPU
		{EFB3F0E1-8414-495B-B8AC-E36B6C55FDE8}.Release|Any CPU.ActiveCfg = Release|Any CPU
		{EFB3F0E1-8414-495B-B8AC-E36B6C55FDE8}.Release|Any CPU.Build.0 = Release|Any CPU
		{246209FC-E39B-49E3-A808-9948674ABF19}.Debug|Any CPU.ActiveCfg = Debug|Any CPU
		{246209FC-E39B-49E3-A808-9948674ABF19}.Debug|Any CPU.Build.0 = Debug|Any CPU
		{246209FC-E39B-49E3-A808-9948674ABF19}.Release|Any CPU.ActiveCfg = Release|Any CPU
		{246209FC-E39B-49E3-A808-9948674ABF19}.Release|Any CPU.Build.0 = Release|Any CPU
	EndGlobalSection
	GlobalSection(SolutionProperties) = preSolution
		HideSolutionNode = FALSE
	EndGlobalSection
	GlobalSection(ExtensibilityGlobals) = postSolution
		SolutionGuid = {1785404A-51A6-4D8C-8600-294554378B51}
	EndGlobalSection
EndGlobal
